
Microsoft Visual Studio Solution File, Format Version 12.00
# Visual Studio Version 17
VisualStudioVersion = 17.12.35527.113
MinimumVisualStudioVersion = 10.0.40219.1
Project("{9A19103F-16F7-4668-BE54-9A1E7A4F7556}") = "TelegramAntispamBot", "TelegramAntispamBot\TelegramAntispamBot.csproj", "{98F5E2E5-7AEF-4232-A1FC-2E0D974B3AB6}"
EndProject
Project("{9A19103F-16F7-4668-BE54-9A1E7A4F7556}") = "TelegramAntispamBot.Tests", "TelegramAntispamBot.Tests\TelegramAntispamBot.Tests.csproj", "{9BFF7638-1D21-4247-A3DE-DF82E734694D}"
EndProject
Project("{9A19103F-16F7-4668-BE54-9A1E7A4F7556}") = "DataAccessLayer", "DataAccessLayer\DataAccessLayer.csproj", "{9B2216D9-C357-4079-9790-0E09963B8349}"
EndProject
Project("{9A19103F-16F7-4668-BE54-9A1E7A4F7556}") = "DomainLayer", "DomainLayer\DomainLayer.csproj", "{B5624842-1611-4830-88C6-3B6012851764}"
EndProject
Project("{9A19103F-16F7-4668-BE54-9A1E7A4F7556}") = "ServiceLayer", "ServiceLayer\ServiceLayer.csproj", "{A27F0A8D-68C9-4DE3-B60F-6962EB30EE5D}"
EndProject
Project("{9A19103F-16F7-4668-BE54-9A1E7A4F7556}") = "BuisinessLogic", "BuisinessLogic\BuisinessLogic.csproj", "{CF57DC92-4690-43CF-85E1-9FD86A1345CF}"
EndProject
Project("{9A19103F-16F7-4668-BE54-9A1E7A4F7556}") = "Infrastructure", "Infrastructure\Infrastructure.csproj", "{AF74F484-C95D-4FAE-9175-179902451FCC}"
EndProject
Project("{9A19103F-16F7-4668-BE54-9A1E7A4F7556}") = "MailSenderService", "MailSenderService\MailSenderService.csproj", "{2AFFF4D0-42F8-4D49-94BC-DCBB9C8A0EF9}"
EndProject
Project("{2150E333-8FDC-42A3-9474-1A3956D46DE8}") = "Solution Items", "Solution Items", "{F34A3D4F-292D-4EF8-9D6B-A01347A88943}"
	ProjectSection(SolutionItems) = preProject
		.github\workflows\backup-db.yml = .github\workflows\backup-db.yml
		.github\workflows\cd.yml = .github\workflows\cd.yml
		.github\workflows\ci.yml = .github\workflows\ci.yml
		scripts\refresh-db.sh = scripts\refresh-db.sh
	EndProjectSection
EndProject
Global
	GlobalSection(SolutionConfigurationPlatforms) = preSolution
		Debug|Any CPU = Debug|Any CPU
		Release|Any CPU = Release|Any CPU
	EndGlobalSection
	GlobalSection(ProjectConfigurationPlatforms) = postSolution
		{98F5E2E5-7AEF-4232-A1FC-2E0D974B3AB6}.Debug|Any CPU.ActiveCfg = Debug|Any CPU
		{98F5E2E5-7AEF-4232-A1FC-2E0D974B3AB6}.Debug|Any CPU.Build.0 = Debug|Any CPU
		{98F5E2E5-7AEF-4232-A1FC-2E0D974B3AB6}.Release|Any CPU.ActiveCfg = Release|Any CPU
		{98F5E2E5-7AEF-4232-A1FC-2E0D974B3AB6}.Release|Any CPU.Build.0 = Release|Any CPU
		{9BFF7638-1D21-4247-A3DE-DF82E734694D}.Debug|Any CPU.ActiveCfg = Debug|Any CPU
		{9BFF7638-1D21-4247-A3DE-DF82E734694D}.Debug|Any CPU.Build.0 = Debug|Any CPU
		{9BFF7638-1D21-4247-A3DE-DF82E734694D}.Release|Any CPU.ActiveCfg = Release|Any CPU
		{9BFF7638-1D21-4247-A3DE-DF82E734694D}.Release|Any CPU.Build.0 = Release|Any CPU
		{9B2216D9-C357-4079-9790-0E09963B8349}.Debug|Any CPU.ActiveCfg = Debug|Any CPU
		{9B2216D9-C357-4079-9790-0E09963B8349}.Debug|Any CPU.Build.0 = Debug|Any CPU
		{9B2216D9-C357-4079-9790-0E09963B8349}.Release|Any CPU.ActiveCfg = Release|Any CPU
		{9B2216D9-C357-4079-9790-0E09963B8349}.Release|Any CPU.Build.0 = Release|Any CPU
		{B5624842-1611-4830-88C6-3B6012851764}.Debug|Any CPU.ActiveCfg = Debug|Any CPU
		{B5624842-1611-4830-88C6-3B6012851764}.Debug|Any CPU.Build.0 = Debug|Any CPU
		{B5624842-1611-4830-88C6-3B6012851764}.Release|Any CPU.ActiveCfg = Release|Any CPU
		{B5624842-1611-4830-88C6-3B6012851764}.Release|Any CPU.Build.0 = Release|Any CPU
		{A27F0A8D-68C9-4DE3-B60F-6962EB30EE5D}.Debug|Any CPU.ActiveCfg = Debug|Any CPU
		{A27F0A8D-68C9-4DE3-B60F-6962EB30EE5D}.Debug|Any CPU.Build.0 = Debug|Any CPU
		{A27F0A8D-68C9-4DE3-B60F-6962EB30EE5D}.Release|Any CPU.ActiveCfg = Release|Any CPU
		{A27F0A8D-68C9-4DE3-B60F-6962EB30EE5D}.Release|Any CPU.Build.0 = Release|Any CPU
		{CF57DC92-4690-43CF-85E1-9FD86A1345CF}.Debug|Any CPU.ActiveCfg = Debug|Any CPU
		{CF57DC92-4690-43CF-85E1-9FD86A1345CF}.Debug|Any CPU.Build.0 = Debug|Any CPU
		{CF57DC92-4690-43CF-85E1-9FD86A1345CF}.Release|Any CPU.ActiveCfg = Release|Any CPU
		{CF57DC92-4690-43CF-85E1-9FD86A1345CF}.Release|Any CPU.Build.0 = Release|Any CPU
		{AF74F484-C95D-4FAE-9175-179902451FCC}.Debug|Any CPU.ActiveCfg = Debug|Any CPU
		{AF74F484-C95D-4FAE-9175-179902451FCC}.Debug|Any CPU.Build.0 = Debug|Any CPU
		{AF74F484-C95D-4FAE-9175-179902451FCC}.Release|Any CPU.ActiveCfg = Release|Any CPU
		{AF74F484-C95D-4FAE-9175-179902451FCC}.Release|Any CPU.Build.0 = Release|Any CPU
		{2AFFF4D0-42F8-4D49-94BC-DCBB9C8A0EF9}.Debug|Any CPU.ActiveCfg = Debug|Any CPU
		{2AFFF4D0-42F8-4D49-94BC-DCBB9C8A0EF9}.Debug|Any CPU.Build.0 = Debug|Any CPU
		{2AFFF4D0-42F8-4D49-94BC-DCBB9C8A0EF9}.Release|Any CPU.ActiveCfg = Release|Any CPU
		{2AFFF4D0-42F8-4D49-94BC-DCBB9C8A0EF9}.Release|Any CPU.Build.0 = Release|Any CPU
	EndGlobalSection
	GlobalSection(SolutionProperties) = preSolution
		HideSolutionNode = FALSE
	EndGlobalSection
	GlobalSection(ExtensibilityGlobals) = postSolution
		SolutionGuid = {5ED0B53F-EC65-4E5A-B247-39C188F8D8F9}
		RESX_PrefixTranslations = True
	EndGlobalSection
EndGlobal
